
Microsoft Visual Studio Solution File, Format Version 12.00
# Visual Studio Version 16
VisualStudioVersion = 16.0.30309.148
MinimumVisualStudioVersion = 10.0.40219.1
Project("{FAE04EC0-301F-11D3-BF4B-00C04F79EFBC}") = "SalesWebMVC", "SalesWebMVC\SalesWebMVC.csproj", "{6C02A21E-6F18-4542-8B9C-2CC5E4202A6B}"
EndProject
Global
	GlobalSection(SolutionConfigurationPlatforms) = preSolution
		Debug|Any CPU = Debug|Any CPU
		Release|Any CPU = Release|Any CPU
	EndGlobalSection
	GlobalSection(ProjectConfigurationPlatforms) = postSolution
		{6C02A21E-6F18-4542-8B9C-2CC5E4202A6B}.Debug|Any CPU.ActiveCfg = Debug|Any CPU
		{6C02A21E-6F18-4542-8B9C-2CC5E4202A6B}.Debug|Any CPU.Build.0 = Debug|Any CPU
		{6C02A21E-6F18-4542-8B9C-2CC5E4202A6B}.Release|Any CPU.ActiveCfg = Release|Any CPU
		{6C02A21E-6F18-4542-8B9C-2CC5E4202A6B}.Release|Any CPU.Build.0 = Release|Any CPU
	EndGlobalSection
	GlobalSection(SolutionProperties) = preSolution
		HideSolutionNode = FALSE
	EndGlobalSection
	GlobalSection(ExtensibilityGlobals) = postSolution
		SolutionGuid = {12A6BFA8-471B-4453-ADA8-06AF470CF1B0}
	EndGlobalSection
EndGlobal
